{
  "lockfileVersion": 1,
  "configVersion": 1,
  "workspaces": {
    "": {
      "name": "lythoskill-workspace",
      "devDependencies": {
        "husky": "^9.1.7",
      },
    },
    "packages/lythoskill-arena": {
      "name": "@lythos/skill-arena",
      "version": "0.8.0",
      "bin": {
        "lythoskill-arena": "src/cli.ts",
      },
    },
    "packages/lythoskill-creator": {
      "name": "@lythos/skill-creator",
      "version": "0.8.0",
      "bin": {
        "lythoskill-creator": "src/cli.ts",
      },
    },
    "packages/lythoskill-curator": {
      "name": "@lythos/skill-curator",
      "version": "0.8.0",
      "bin": {
        "lythoskill-curator": "src/cli.ts",
      },
      "dependencies": {
        "yaml": "^2.8.3",
      },
    },
    "packages/lythoskill-deck": {
      "name": "@lythos/skill-deck",
      "version": "0.8.0",
      "bin": {
        "lythoskill-deck": "src/cli.ts",
      },
      "dependencies": {
        "@iarna/toml": "^2.2.5",
        "yaml": "^2.8.3",
        "zod": "^4.3.6",
      },
    },
    "packages/lythoskill-hello-world": {
      "name": "@lythos/hello-world",
      "version": "0.8.0",
      "bin": {
        "lythoskill-hello-world": "src/cli.ts",
      },
    },
    "packages/lythoskill-project-cortex": {
      "name": "@lythos/project-cortex",
      "version": "0.8.0",
      "bin": {
        "lythoskill-project-cortex": "./src/cli.ts",
      },
    },
    "packages/lythoskill-test-utils": {
      "name": "@lythos/test-utils",
      "version": "0.8.0",
    },
  },
  "packages": {
    "@iarna/toml": ["@iarna/toml@2.2.5", "https://registry.npmmirror.com/@iarna/toml/-/toml-2.2.5.tgz", {}, "sha512-trnsAYxU3xnS1gPHPyU961coFyLkh4gAD/0zQ5mymY4yOZ+CYvsPqUbOFSw0aDM4y0tV7tiFxL/1XfXPNC6IPg=="],

    "@lythos/hello-world": ["@lythos/hello-world@workspace:packages/lythoskill-hello-world"],

    "@lythos/project-cortex": ["@lythos/project-cortex@workspace:packages/lythoskill-project-cortex"],

    "@lythos/skill-arena": ["@lythos/skill-arena@workspace:packages/lythoskill-arena"],

    "@lythos/skill-creator": ["@lythos/skill-creator@workspace:packages/lythoskill-creator"],

    "@lythos/skill-curator": ["@lythos/skill-curator@workspace:packages/lythoskill-curator"],

    "@lythos/skill-deck": ["@lythos/skill-deck@workspace:packages/lythoskill-deck"],

    "@lythos/test-utils": ["@lythos/test-utils@workspace:packages/lythoskill-test-utils"],

    "husky": ["husky@9.1.7", "", { "bin": { "husky": "bin.js" } }, "sha512-5gs5ytaNjBrh5Ow3zrvdUUY+0VxIuWVL4i9irt6friV+BqdCfmV11CQTWMiBYWHbXhco+J1kHfTOUkePhCDvMA=="],

    "yaml": ["yaml@2.8.3", "", { "bin": { "yaml": "bin.mjs" } }, "sha512-AvbaCLOO2Otw/lW5bmh9d/WEdcDFdQp2Z2ZUH3pX9U2ihyUY0nvLv7J6TrWowklRGPYbB/IuIMfYgxaCPg5Bpg=="],

    "zod": ["zod@4.3.6", "https://registry.npmmirror.com/zod/-/zod-4.3.6.tgz", {}, "sha512-rftlrkhHZOcjDwkGlnUtZZkvaPHCsDATp4pGpuOOMDaTdDDXF91wuVDJoWoPsKX/3YPQ5fHuF3STjcYyKr+Qhg=="],
  }
}
