lockfileVersion: '9.0'

settings:
  autoInstallPeers: true
  excludeLinksFromLockfile: false

importers:

  .:
    dependencies:
      '@iarna/toml':
        specifier: ^2.2.5
        version: 2.2.5
      zod:
        specifier: ^4.3.6
        version: 4.3.6

  packages/lythoskill: {}

  packages/lythoskill-deck:
    dependencies:
      '@iarna/toml':
        specifier: ^2.2.5
        version: 2.2.5
      zod:
        specifier: ^4.3.6
        version: 4.3.6

  packages/lythoskill-project-cortex: {}

packages:

  '@iarna/toml@2.2.5':
    resolution: {integrity: sha512-trnsAYxU3xnS1gPHPyU961coFyLkh4gAD/0zQ5mymY4yOZ+CYvsPqUbOFSw0aDM4y0tV7tiFxL/1XfXPNC6IPg==}

  zod@4.3.6:
    resolution: {integrity: sha512-rftlrkhHZOcjDwkGlnUtZZkvaPHCsDATp4pGpuOOMDaTdDDXF91wuVDJoWoPsKX/3YPQ5fHuF3STjcYyKr+Qhg==}

snapshots:

  '@iarna/toml@2.2.5': {}

  zod@4.3.6: {}
