{
  "version": "1.0.0",
  "deck_source": {
    "path": "skill-deck.toml",
    "content_hash": "fadaafad34e1da829622a8c8a3de573bc0f33da21797c9368c62817ed7e628c6"
  },
  "deck_config": {
    "max_cards": 15,
    "working_set": ".claude/skills",
    "cold_pool": "~/.agents/skill-repos",
    "also_link_to": [
      ".agents/skills"
    ]
  },
  "skills": [
    {
      "name": "github.com/lythos-labs/lythoskill/skills/lythoskill-deck",
      "alias": "lythoskill-deck",
      "deck_niche": "meta.governance.deck",
      "type": "innate",
      "source": "github.com/lythos-labs/lythoskill/skills/lythoskill-deck",
      "content_hash": "587e1be60c9e8a6e41bfcad8867c4de3dde1039bc5df3ff81c0d0b7091edc581"
    },
    {
      "name": "localhost/me/sober",
      "alias": "lythoskill-sober",
      "deck_niche": "",
      "type": "innate",
      "source": "localhost/me/sober",
      "content_hash": "00c7843a3d8235bf042e0bf0ac421f26ce83cb6e3254c6c24ab6f13e33afffcb"
    },
    {
      "name": "github.com/lythos-labs/lythoskill/skills/lythoskill-project-cortex",
      "alias": "lythoskill-project-cortex",
      "deck_niche": "",
      "type": "tool",
      "source": "github.com/lythos-labs/lythoskill/skills/lythoskill-project-cortex",
      "content_hash": "419f5d2f760fda5e847a7b6606263dbccfc6f295ad9d9603ba55cf8d14102831"
    },
    {
      "name": "github.com/lythos-labs/lythoskill/skills/lythoskill-arena",
      "alias": "lythoskill-arena",
      "deck_niche": "meta.governance.arena",
      "type": "tool",
      "source": "github.com/lythos-labs/lythoskill/skills/lythoskill-arena",
      "content_hash": "d3975003cd852f144135dc728135df1cda01e20bbdd7b0e1e3281987887f971c"
    },
    {
      "name": "github.com/lythos-labs/lythoskill/skills/lythoskill-curator",
      "alias": "lythoskill-curator",
      "deck_niche": "",
      "type": "tool",
      "source": "github.com/lythos-labs/lythoskill/skills/lythoskill-curator",
      "content_hash": "305afb62ea39e1c0ce88ac97ed023af89b38735cd432a55db8050b262dcf641d"
    },
    {
      "name": "github.com/lythos-labs/lythoskill/skills/lythoskill-project-scribe",
      "alias": "lythoskill-project-scribe",
      "deck_niche": "",
      "type": "tool",
      "source": "github.com/lythos-labs/lythoskill/skills/lythoskill-project-scribe",
      "content_hash": "6d185890a46f98da8980764186891c7fbd48df83e74904d5686a8d133688ca90"
    },
    {
      "name": "github.com/lythos-labs/lythoskill/skills/lythoskill-project-onboarding",
      "alias": "lythoskill-project-onboarding",
      "deck_niche": "",
      "type": "tool",
      "source": "github.com/lythos-labs/lythoskill/skills/lythoskill-project-onboarding",
      "content_hash": "f814bb580dd1b0182741e9d0b55617759fe0f7b8ae8dccf805d0081809c7c0ce"
    },
    {
      "name": "github.com/lythos-labs/lythoskill/skills/lythoskill-coach",
      "alias": "lythoskill-coach",
      "deck_niche": "",
      "type": "tool",
      "source": "github.com/lythos-labs/lythoskill/skills/lythoskill-coach",
      "content_hash": "e305e496f4bf8c027af5d49e71781b9b0ef285d1028bf597ec7c1527adea241a"
    },
    {
      "name": "github.com/mattpocock/skills/skills/engineering/tdd",
      "alias": "tdd",
      "deck_niche": "",
      "type": "tool",
      "source": "github.com/mattpocock/skills/skills/engineering/tdd",
      "content_hash": "cb01f66bebfaa25fa1f88e6b7e769cd9fd9f35b1120b8563749820738814c927"
    },
    {
      "name": "github.com/mattpocock/skills/skills/engineering/diagnosing-bugs",
      "alias": "diagnose",
      "deck_niche": "",
      "type": "tool",
      "source": "github.com/mattpocock/skills/skills/engineering/diagnosing-bugs",
      "content_hash": "77f3cf31bc99b2f49af943222526531fcc9fc41d047626d3640e875e85af3e84"
    },
    {
      "name": "github.com/lythos-labs/lythoskill/skills/lythoskill-red-green-release",
      "alias": "lythoskill-red-green-release",
      "deck_niche": "",
      "type": "tool",
      "source": "github.com/lythos-labs/lythoskill/skills/lythoskill-red-green-release",
      "content_hash": "a9c062c6cce715624ae0044790bfe650d79fd5712eb221657392faadb0f5ece1"
    },
    {
      "name": "github.com/lythos-labs/lythoskill/skills/lythoskill-project-scribe-weekly",
      "alias": "lythoskill-project-scribe-weekly",
      "deck_niche": "",
      "type": "tool",
      "source": "github.com/lythos-labs/lythoskill/skills/lythoskill-project-scribe-weekly",
      "content_hash": "571f0a099d0c607e297ad84d2583998cda41a3e723d15cb35a1f64a299137e1f"
    },
    {
      "name": "github.com/lythos-labs/lythoskill/skills/lythoskill-writer",
      "alias": "lythoskill-writer",
      "deck_niche": "",
      "type": "tool",
      "source": "github.com/lythos-labs/lythoskill/skills/lythoskill-writer",
      "content_hash": "7f426c4c9f2c880c1075fdb3b2829166da6d8fddcbe248766c6b63c4e724b17e"
    },
    {
      "name": "github.com/lythos-labs/lythoskill/skills/lythoskill-dreaming",
      "alias": "lythoskill-dreaming",
      "deck_niche": "",
      "type": "tool",
      "source": "github.com/lythos-labs/lythoskill/skills/lythoskill-dreaming",
      "content_hash": "a1b17cef268614493838b0a19844fb29ea0a44cdf4a16e93473628d37938b274"
    }
  ]
}
