{
  "version": "1.0.0",
  "deck_source": {
    "path": "skill-deck.toml",
    "content_hash": "fadaafad34e1da829622a8c8a3de573bc0f33da21797c9368c62817ed7e628c6"
  },
  "deck_config": {
    "max_cards": 15,
    "working_set": ".claude/skills",
    "cold_pool": "~/.agents/skill-repos",
    "also_link_to": [
      ".agents/skills"
    ]
  },
  "skills": [
    {
      "name": "github.com/lythos-labs/lythoskill/skills/lythoskill-deck",
      "alias": "lythoskill-deck",
      "deck_niche": "meta.governance.deck",
      "type": "innate",
      "source": "github.com/lythos-labs/lythoskill/skills/lythoskill-deck",
      "content_hash": "446c8225af8a103040f957d67714c86061a28f56588aec0c6ca5d7352dc3b20e"
    },
    {
      "name": "localhost/me/sober",
      "alias": "lythoskill-sober",
      "deck_niche": "",
      "type": "innate",
      "source": "localhost/me/sober",
      "content_hash": "00c7843a3d8235bf042e0bf0ac421f26ce83cb6e3254c6c24ab6f13e33afffcb"
    },
    {
      "name": "github.com/lythos-labs/lythoskill/skills/lythoskill-project-cortex",
      "alias": "lythoskill-project-cortex",
      "deck_niche": "",
      "type": "tool",
      "source": "github.com/lythos-labs/lythoskill/skills/lythoskill-project-cortex",
      "content_hash": "d30fdedd925e3d4a7a8cedfbaec96e1a1b651c45dc3c66c0e1487a2e04cf7608"
    },
    {
      "name": "github.com/lythos-labs/lythoskill/skills/lythoskill-arena",
      "alias": "lythoskill-arena",
      "deck_niche": "meta.governance.arena",
      "type": "tool",
      "source": "github.com/lythos-labs/lythoskill/skills/lythoskill-arena",
      "content_hash": "adbc05e56ae28dbfcef0a2c49ffd2fb3610ba9870201ece23853d6bce8f6cf8b"
    },
    {
      "name": "github.com/lythos-labs/lythoskill/skills/lythoskill-curator",
      "alias": "lythoskill-curator",
      "deck_niche": "",
      "type": "tool",
      "source": "github.com/lythos-labs/lythoskill/skills/lythoskill-curator",
      "content_hash": "74d85d2938e35e19b2735111f47526af2942548d1334e4e913fa17f6219ada31"
    },
    {
      "name": "github.com/lythos-labs/lythoskill/skills/lythoskill-project-scribe",
      "alias": "lythoskill-project-scribe",
      "deck_niche": "",
      "type": "tool",
      "source": "github.com/lythos-labs/lythoskill/skills/lythoskill-project-scribe",
      "content_hash": "32778f092ebb804384c8e9ca55c3dbb9c150355d1521420dd41b82b259f3c62e"
    },
    {
      "name": "github.com/lythos-labs/lythoskill/skills/lythoskill-project-onboarding",
      "alias": "lythoskill-project-onboarding",
      "deck_niche": "",
      "type": "tool",
      "source": "github.com/lythos-labs/lythoskill/skills/lythoskill-project-onboarding",
      "content_hash": "ca42f75ffc17e77602573086659b996c4b4f19baff621cbd9840b0c682751be1"
    },
    {
      "name": "github.com/lythos-labs/lythoskill/skills/lythoskill-coach",
      "alias": "lythoskill-coach",
      "deck_niche": "",
      "type": "tool",
      "source": "github.com/lythos-labs/lythoskill/skills/lythoskill-coach",
      "content_hash": "1a29cb2e13dae4e6c3664102512e0812a2f6ebee82a0646a906793e7b3aaee30"
    },
    {
      "name": "github.com/mattpocock/skills/skills/engineering/tdd",
      "alias": "tdd",
      "deck_niche": "",
      "type": "tool",
      "source": "github.com/mattpocock/skills/skills/engineering/tdd",
      "content_hash": "5363bb2775679fe9311fbb67947f95359169c6e7f1fac77c0f25e190bca6cf2f"
    },
    {
      "name": "github.com/mattpocock/skills/skills/engineering/diagnosing-bugs",
      "alias": "diagnose",
      "deck_niche": "",
      "type": "tool",
      "source": "github.com/mattpocock/skills/skills/engineering/diagnosing-bugs",
      "content_hash": "7a0779480f323a66d109404646bcc1a14bf0232b45b3e3ea93b652a035718acb"
    },
    {
      "name": "github.com/lythos-labs/lythoskill/skills/lythoskill-red-green-release",
      "alias": "lythoskill-red-green-release",
      "deck_niche": "",
      "type": "tool",
      "source": "github.com/lythos-labs/lythoskill/skills/lythoskill-red-green-release",
      "content_hash": "e2eeeb19bf61b1a2f1be31b530774925adb986315be77b1e2a054c95614b4c6a"
    },
    {
      "name": "github.com/lythos-labs/lythoskill/skills/lythoskill-project-scribe-weekly",
      "alias": "lythoskill-project-scribe-weekly",
      "deck_niche": "",
      "type": "tool",
      "source": "github.com/lythos-labs/lythoskill/skills/lythoskill-project-scribe-weekly",
      "content_hash": "e1803f9824b3a4a5e7f8040865a75da29f33522199ff7a95007b91e42b74803d"
    },
    {
      "name": "github.com/lythos-labs/lythoskill/skills/lythoskill-writer",
      "alias": "lythoskill-writer",
      "deck_niche": "",
      "type": "tool",
      "source": "github.com/lythos-labs/lythoskill/skills/lythoskill-writer",
      "content_hash": "4b849ee7154aedf2dbf7564dfba1fc39b0c123158d546e28c24bd4b9baa63962"
    },
    {
      "name": "github.com/lythos-labs/lythoskill/skills/lythoskill-dreaming",
      "alias": "lythoskill-dreaming",
      "deck_niche": "",
      "type": "tool",
      "source": "github.com/lythos-labs/lythoskill/skills/lythoskill-dreaming",
      "content_hash": "06408efc3385c0b7ad308a8657a76847c8e9139bb096f37cc337a6f88c9c09ac"
    }
  ]
}
