{
  "version": "1.0.0",
  "deck_source": {
    "path": "skill-deck.toml",
    "content_hash": "fadaafad34e1da829622a8c8a3de573bc0f33da21797c9368c62817ed7e628c6"
  },
  "deck_config": {
    "max_cards": 15,
    "working_set": ".claude/skills",
    "cold_pool": "~/.agents/skill-repos",
    "also_link_to": [
      ".agents/skills"
    ]
  },
  "skills": [
    {
      "name": "github.com/lythos-labs/lythoskill/skills/lythoskill-deck",
      "alias": "lythoskill-deck",
      "deck_niche": "meta.governance.deck",
      "type": "innate",
      "source": "github.com/lythos-labs/lythoskill/skills/lythoskill-deck",
      "content_hash": "0214c3b21872a4168b7d0d8471d4052b9d9af87c14c83e2bbcdbf3b4b6164d2b"
    },
    {
      "name": "localhost/me/sober",
      "alias": "lythoskill-sober",
      "deck_niche": "",
      "type": "innate",
      "source": "localhost/me/sober",
      "content_hash": "00c7843a3d8235bf042e0bf0ac421f26ce83cb6e3254c6c24ab6f13e33afffcb"
    },
    {
      "name": "github.com/lythos-labs/lythoskill/skills/lythoskill-project-cortex",
      "alias": "lythoskill-project-cortex",
      "deck_niche": "",
      "type": "tool",
      "source": "github.com/lythos-labs/lythoskill/skills/lythoskill-project-cortex",
      "content_hash": "445c96c76241bd605a44db82df8084618f80cbbc25fc2742d2033cc98505115f"
    },
    {
      "name": "github.com/lythos-labs/lythoskill/skills/lythoskill-arena",
      "alias": "lythoskill-arena",
      "deck_niche": "meta.governance.arena",
      "type": "tool",
      "source": "github.com/lythos-labs/lythoskill/skills/lythoskill-arena",
      "content_hash": "899bd191d10454a531f84a96ea27a8a08d9d277149f6cf3de5f3f45197e2c769"
    },
    {
      "name": "github.com/lythos-labs/lythoskill/skills/lythoskill-curator",
      "alias": "lythoskill-curator",
      "deck_niche": "",
      "type": "tool",
      "source": "github.com/lythos-labs/lythoskill/skills/lythoskill-curator",
      "content_hash": "acdab921962cd2006fcb7fe1e3506081001151a3a461c69e03db7b2916df7262"
    },
    {
      "name": "github.com/lythos-labs/lythoskill/skills/lythoskill-project-scribe",
      "alias": "lythoskill-project-scribe",
      "deck_niche": "",
      "type": "tool",
      "source": "github.com/lythos-labs/lythoskill/skills/lythoskill-project-scribe",
      "content_hash": "784d3b7c6fb9f9ecda8eb0152d30db6140ea5a8f0261772ab8d2cef8398ab300"
    },
    {
      "name": "github.com/lythos-labs/lythoskill/skills/lythoskill-project-onboarding",
      "alias": "lythoskill-project-onboarding",
      "deck_niche": "",
      "type": "tool",
      "source": "github.com/lythos-labs/lythoskill/skills/lythoskill-project-onboarding",
      "content_hash": "5bee310e25f412dfac9c8be6cb5ae7abd8c1625e890c1f4d2260aef0669a1329"
    },
    {
      "name": "github.com/lythos-labs/lythoskill/skills/lythoskill-coach",
      "alias": "lythoskill-coach",
      "deck_niche": "",
      "type": "tool",
      "source": "github.com/lythos-labs/lythoskill/skills/lythoskill-coach",
      "content_hash": "6bb9af9c928eb20bb68fa2b7f12b01a08a65f09a5f3d7ee74cdbe6d8279c229f"
    },
    {
      "name": "github.com/mattpocock/skills/skills/engineering/tdd",
      "alias": "tdd",
      "deck_niche": "",
      "type": "tool",
      "source": "github.com/mattpocock/skills/skills/engineering/tdd",
      "content_hash": "cb01f66bebfaa25fa1f88e6b7e769cd9fd9f35b1120b8563749820738814c927"
    },
    {
      "name": "github.com/mattpocock/skills/skills/engineering/diagnosing-bugs",
      "alias": "diagnose",
      "deck_niche": "",
      "type": "tool",
      "source": "github.com/mattpocock/skills/skills/engineering/diagnosing-bugs",
      "content_hash": "77f3cf31bc99b2f49af943222526531fcc9fc41d047626d3640e875e85af3e84"
    },
    {
      "name": "github.com/lythos-labs/lythoskill/skills/lythoskill-red-green-release",
      "alias": "lythoskill-red-green-release",
      "deck_niche": "",
      "type": "tool",
      "source": "github.com/lythos-labs/lythoskill/skills/lythoskill-red-green-release",
      "content_hash": "bdf19ede33ca47a1927ce48733e009d731bcbb64702683b7696cd7d78892b3e3"
    },
    {
      "name": "github.com/lythos-labs/lythoskill/skills/lythoskill-project-scribe-weekly",
      "alias": "lythoskill-project-scribe-weekly",
      "deck_niche": "",
      "type": "tool",
      "source": "github.com/lythos-labs/lythoskill/skills/lythoskill-project-scribe-weekly",
      "content_hash": "8bedbe65c3aceb51604a0610d6cf93e9a24868776cc675b54d97d7d343ba8809"
    },
    {
      "name": "github.com/lythos-labs/lythoskill/skills/lythoskill-writer",
      "alias": "lythoskill-writer",
      "deck_niche": "",
      "type": "tool",
      "source": "github.com/lythos-labs/lythoskill/skills/lythoskill-writer",
      "content_hash": "bc45886ba285c04918df686184350fae7eb03c006c35621580e488a62dc80558"
    },
    {
      "name": "github.com/lythos-labs/lythoskill/skills/lythoskill-dreaming",
      "alias": "lythoskill-dreaming",
      "deck_niche": "",
      "type": "tool",
      "source": "github.com/lythos-labs/lythoskill/skills/lythoskill-dreaming",
      "content_hash": "38a0cdd529078eef6b43df25329c7ca80ce5a03ff4975f96ab00ddacc798cf4a"
    }
  ]
}
