{
  "lockfileVersion": 1,
  "configVersion": 1,
  "workspaces": {
    "": {
      "name": "playground",
      "dependencies": {
        "@lythos/deck": "file:../packages/lythoskill-deck",
      },
    },
  },
  "packages": {
    "@iarna/toml": ["@iarna/toml@2.2.5", "https://registry.npmmirror.com/@iarna/toml/-/toml-2.2.5.tgz", {}, "sha512-trnsAYxU3xnS1gPHPyU961coFyLkh4gAD/0zQ5mymY4yOZ+CYvsPqUbOFSw0aDM4y0tV7tiFxL/1XfXPNC6IPg=="],

    "@lythos/deck": ["@lythos/deck@file:../packages/lythoskill-deck", { "dependencies": { "@iarna/toml": "^2.2.5", "zod": "^4.3.6" }, "bin": { "lythoskill-deck": "./src/cli.ts" } }],

    "zod": ["zod@4.3.6", "https://registry.npmmirror.com/zod/-/zod-4.3.6.tgz", {}, "sha512-rftlrkhHZOcjDwkGlnUtZZkvaPHCsDATp4pGpuOOMDaTdDDXF91wuVDJoWoPsKX/3YPQ5fHuF3STjcYyKr+Qhg=="],
  }
}
