{
  "version": "1.0.0",
  "generated_at": "2026-04-23T05:35:26.723Z",
  "deck_source": {
    "path": "/Users/chariots/Downloads/lythoskill/playground/skill-deck.toml",
    "content_hash": "03bb3f01d6f7039aa29c0cadacb36ad4749bd0cb3672ef6cf3c89688e93f333f"
  },
  "working_set": "/Users/chariots/Downloads/lythoskill/playground/.claude/skills",
  "cold_pool": "/Users/chariots/Downloads/lythoskill/playground/skill-repos",
  "skills": [
    {
      "name": "skill-a",
      "deck_niche": "",
      "type": "tool",
      "source": "/Users/chariots/Downloads/lythoskill/playground/skill-repos/skill-a",
      "dest": "/Users/chariots/Downloads/lythoskill/playground/.claude/skills/skill-a",
      "content_hash": "1585f77946f148e8e085932f5c1b42c07c88f2cffac590c17cb83f7c6f81dfed",
      "linked_at": "2026-04-23T05:35:26.723Z",
      "deck_managed_dirs": []
    },
    {
      "name": "skill-b",
      "deck_niche": "",
      "type": "tool",
      "source": "/Users/chariots/Downloads/lythoskill/playground/skill-repos/skill-b",
      "dest": "/Users/chariots/Downloads/lythoskill/playground/.claude/skills/skill-b",
      "content_hash": "c87554210215143c87c0550e3026d7371f65e8ee55ad4ee7ae171c2cc3f8a3ec",
      "linked_at": "2026-04-23T05:35:26.723Z",
      "deck_managed_dirs": []
    }
  ],
  "constraints": {
    "total_cards": 2,
    "max_cards": 10,
    "within_budget": true,
    "transient_warnings": [],
    "dir_overlaps": []
  }
}
